
Microsoft Visual Studio Solution File, Format Version 12.00
# Visual Studio Version 17
VisualStudioVersion = 17.3.32825.248
MinimumVisualStudioVersion = 10.0.40219.1
Project("{FAE04EC0-301F-11D3-BF4B-00C04F79EFBC}") = "HvZ_API", "HvZ_API\HvZ_API.csproj", "{E7089BC8-B6DC-4671-A0AB-1876E2303E1B}"
EndProject
Global
	GlobalSection(SolutionConfigurationPlatforms) = preSolution
		Debug|Any CPU = Debug|Any CPU
		Release|Any CPU = Release|Any CPU
	EndGlobalSection
	GlobalSection(ProjectConfigurationPlatforms) = postSolution
		{E7089BC8-B6DC-4671-A0AB-1876E2303E1B}.Debug|Any CPU.ActiveCfg = Debug|Any CPU
		{E7089BC8-B6DC-4671-A0AB-1876E2303E1B}.Debug|Any CPU.Build.0 = Debug|Any CPU
		{E7089BC8-B6DC-4671-A0AB-1876E2303E1B}.Release|Any CPU.ActiveCfg = Release|Any CPU
		{E7089BC8-B6DC-4671-A0AB-1876E2303E1B}.Release|Any CPU.Build.0 = Release|Any CPU
	EndGlobalSection
	GlobalSection(SolutionProperties) = preSolution
		HideSolutionNode = FALSE
	EndGlobalSection
	GlobalSection(ExtensibilityGlobals) = postSolution
		SolutionGuid = {1AEB9DCB-46A3-46A6-8577-042FEB9B2F37}
	EndGlobalSection
EndGlobal
